
Microsoft Visual Studio Solution File, Format Version 12.00
# Visual Studio 14
VisualStudioVersion = 14.0.25420.1
MinimumVisualStudioVersion = 10.0.40219.1
Project("{8BB2217D-0F2D-49D1-97BC-3654ED321F3B}") = "ZipTest", "src\ZipTest\ZipTest.xproj", "{87F1024C-37F8-4C20-AF25-42E43EA22225}"
EndProject
Project("{2150E333-8FDC-42A3-9474-1A3956D46DE8}") = "src", "src", "{6E3620FA-05EE-43E6-9CAF-9D490E1AC620}"
EndProject
Project("{8BB2217D-0F2D-49D1-97BC-3654ED321F3B}") = "MyLib", "src\MyLib\MyLib.xproj", "{226E5A23-E9E4-414F-9AE3-966624A2F809}"
EndProject
Global
	GlobalSection(SolutionConfigurationPlatforms) = preSolution
		Debug|Any CPU = Debug|Any CPU
		Release|Any CPU = Release|Any CPU
	EndGlobalSection
	GlobalSection(ProjectConfigurationPlatforms) = postSolution
		{87F1024C-37F8-4C20-AF25-42E43EA22225}.Debug|Any CPU.ActiveCfg = Debug|Any CPU
		{87F1024C-37F8-4C20-AF25-42E43EA22225}.Debug|Any CPU.Build.0 = Debug|Any CPU
		{87F1024C-37F8-4C20-AF25-42E43EA22225}.Release|Any CPU.ActiveCfg = Release|Any CPU
		{87F1024C-37F8-4C20-AF25-42E43EA22225}.Release|Any CPU.Build.0 = Release|Any CPU
		{226E5A23-E9E4-414F-9AE3-966624A2F809}.Debug|Any CPU.ActiveCfg = Debug|Any CPU
		{226E5A23-E9E4-414F-9AE3-966624A2F809}.Debug|Any CPU.Build.0 = Debug|Any CPU
		{226E5A23-E9E4-414F-9AE3-966624A2F809}.Release|Any CPU.ActiveCfg = Release|Any CPU
		{226E5A23-E9E4-414F-9AE3-966624A2F809}.Release|Any CPU.Build.0 = Release|Any CPU
	EndGlobalSection
	GlobalSection(SolutionProperties) = preSolution
		HideSolutionNode = FALSE
	EndGlobalSection
	GlobalSection(NestedProjects) = preSolution
		{87F1024C-37F8-4C20-AF25-42E43EA22225} = {6E3620FA-05EE-43E6-9CAF-9D490E1AC620}
		{226E5A23-E9E4-414F-9AE3-966624A2F809} = {6E3620FA-05EE-43E6-9CAF-9D490E1AC620}
	EndGlobalSection
EndGlobal
